{
  "version": 4,
  "terraform_version": "1.10.2",
  "serial": 1,
  "lineage": "44561cd3-de6a-537c-9dd5-462dad8b855f",
  "outputs": {},
  "resources": [
    {
      "mode": "managed",
      "type": "local_file",
      "name": "init_file",
      "provider": "provider[\"registry.terraform.io/hashicorp/local\"]",
      "instances": [
        {
          "schema_version": 0,
          "attributes": {
            "content": "Hello, World from Terraform!",
            "content_base64": null,
            "content_base64sha256": "O+SOXX1UFnK5NEL4MWy66ZShQLUkNCPNEvI1BeydfHA=",
            "content_base64sha512": "zriKNpFWo3lSDhdSt9hZBqlBr+9W/BWRiA7y5Gk0lHPCHZsAPDOZpPRFmYrhdZ1J93PW+9aZZt0Wz6umJg5Ucg==",
            "content_md5": "512f28b696504db9a64573c6dfeac045",
            "content_sha1": "4990b2a899b43a9d0302e4aef3222048d38a1079",
            "content_sha256": "3be48e5d7d541672b93442f8316cbae994a140b5243423cd12f23505ec9d7c70",
            "content_sha512": "ceb88a369156a379520e1752b7d85906a941afef56fc1591880ef2e469349473c21d9b003c3399a4f445998ae1759d49f773d6fbd69966dd16cfaba6260e5472",
            "directory_permission": "0777",
            "file_permission": "0777",
            "filename": "./hello_world.txt",
            "id": "4990b2a899b43a9d0302e4aef3222048d38a1079",
            "sensitive_content": null,
            "source": null
          },
          "sensitive_attributes": [
            [
              {
                "type": "get_attr",
                "value": "sensitive_content"
              }
            ]
          ]
        }
      ]
    }
  ],
  "check_results": null
}
